
Microsoft Visual Studio Solution File, Format Version 10.00
# Visual Studio 2008
Project("{2150E333-8FDC-42A3-9474-1A3956D46DE8}") = "DAL", "DAL", "{DF337755-BE76-465A-A9EF-974D153538C6}"
EndProject
Project("{2150E333-8FDC-42A3-9474-1A3956D46DE8}") = "BLL", "BLL", "{129597AC-70CC-42FB-A06A-2F4D5F686291}"
EndProject
Project("{2150E333-8FDC-42A3-9474-1A3956D46DE8}") = "Presentacion", "Presentacion", "{F8E80F68-6377-4C62-8E7E-B1097DD0600E}"
EndProject
Project("{FAE04EC0-301F-11D3-BF4B-00C04F79EFBC}") = "MejoresPracticasWeb", "MejoresPracticasWeb\MejoresPracticasWeb.csproj", "{2431D5D2-594A-49A0-9671-5FA1BCE8368F}"
EndProject
Project("{FAE04EC0-301F-11D3-BF4B-00C04F79EFBC}") = "MejoresPracticasDAL", "MejoresPracticasDAL\MejoresPracticasDAL.csproj", "{CD2DFF4D-DBB4-44BC-9B97-0BA0426DE93B}"
EndProject
Project("{FAE04EC0-301F-11D3-BF4B-00C04F79EFBC}") = "MejoresPracticasBLL", "MejoresPracticasBLL\MejoresPracticasBLL.csproj", "{A9F8B39B-0D1C-4CBE-BD14-D6B33863636F}"
EndProject
Global
	GlobalSection(SubversionScc) = preSolution
		Svn-Managed = True
		Manager = AnkhSVN - Subversion Support for Visual Studio
	EndGlobalSection
	GlobalSection(SolutionConfigurationPlatforms) = preSolution
		Debug|Any CPU = Debug|Any CPU
		Release|Any CPU = Release|Any CPU
	EndGlobalSection
	GlobalSection(ProjectConfigurationPlatforms) = postSolution
		{2431D5D2-594A-49A0-9671-5FA1BCE8368F}.Debug|Any CPU.ActiveCfg = Debug|Any CPU
		{2431D5D2-594A-49A0-9671-5FA1BCE8368F}.Debug|Any CPU.Build.0 = Debug|Any CPU
		{2431D5D2-594A-49A0-9671-5FA1BCE8368F}.Release|Any CPU.ActiveCfg = Release|Any CPU
		{2431D5D2-594A-49A0-9671-5FA1BCE8368F}.Release|Any CPU.Build.0 = Release|Any CPU
		{CD2DFF4D-DBB4-44BC-9B97-0BA0426DE93B}.Debug|Any CPU.ActiveCfg = Debug|Any CPU
		{CD2DFF4D-DBB4-44BC-9B97-0BA0426DE93B}.Debug|Any CPU.Build.0 = Debug|Any CPU
		{CD2DFF4D-DBB4-44BC-9B97-0BA0426DE93B}.Release|Any CPU.ActiveCfg = Release|Any CPU
		{CD2DFF4D-DBB4-44BC-9B97-0BA0426DE93B}.Release|Any CPU.Build.0 = Release|Any CPU
		{A9F8B39B-0D1C-4CBE-BD14-D6B33863636F}.Debug|Any CPU.ActiveCfg = Debug|Any CPU
		{A9F8B39B-0D1C-4CBE-BD14-D6B33863636F}.Debug|Any CPU.Build.0 = Debug|Any CPU
		{A9F8B39B-0D1C-4CBE-BD14-D6B33863636F}.Release|Any CPU.ActiveCfg = Release|Any CPU
		{A9F8B39B-0D1C-4CBE-BD14-D6B33863636F}.Release|Any CPU.Build.0 = Release|Any CPU
	EndGlobalSection
	GlobalSection(SolutionProperties) = preSolution
		HideSolutionNode = FALSE
	EndGlobalSection
	GlobalSection(NestedProjects) = preSolution
		{CD2DFF4D-DBB4-44BC-9B97-0BA0426DE93B} = {DF337755-BE76-465A-A9EF-974D153538C6}
		{A9F8B39B-0D1C-4CBE-BD14-D6B33863636F} = {129597AC-70CC-42FB-A06A-2F4D5F686291}
		{2431D5D2-594A-49A0-9671-5FA1BCE8368F} = {F8E80F68-6377-4C62-8E7E-B1097DD0600E}
	EndGlobalSection
EndGlobal
