
Microsoft Visual Studio Solution File, Format Version 10.00
# Visual Studio 2008
Project("{FAE04EC0-301F-11D3-BF4B-00C04F79EFBC}") = "MejoresPracticasWeb", "MejoresPracticasWeb\MejoresPracticasWeb.csproj", "{2431D5D2-594A-49A0-9671-5FA1BCE8368F}"
EndProject
Project("{FAE04EC0-301F-11D3-BF4B-00C04F79EFBC}") = "MejoresPracticasDAL", "MejoresPracticasDAL\MejoresPracticasDAL.csproj", "{CD2DFF4D-DBB4-44BC-9B97-0BA0426DE93B}"
EndProject
Project("{FAE04EC0-301F-11D3-BF4B-00C04F79EFBC}") = "MejoresPracticasBLL", "MejoresPracticasBLL\MejoresPracticasBLL.csproj", "{A9F8B39B-0D1C-4CBE-BD14-D6B33863636F}"
EndProject
Project("{FAE04EC0-301F-11D3-BF4B-00C04F79EFBC}") = "Model", "Model\Model.csproj", "{4F93987A-89C9-4F03-AA62-3FDB822ABC39}"
EndProject
Project("{FAE04EC0-301F-11D3-BF4B-00C04F79EFBC}") = "Util", "Util\Util.csproj", "{684A5CF1-49B3-48B4-824B-FD28D10BA7F5}"
EndProject
Project("{2150E333-8FDC-42A3-9474-1A3956D46DE8}") = "Solution Items", "Solution Items", "{81ABDE8C-7CE4-42F6-9D73-299265847E66}"
	ProjectSection(SolutionItems) = preProject
		LocalTestRun.testrunconfig = LocalTestRun.testrunconfig
		MejoresPracticas.vsmdi = MejoresPracticas.vsmdi
		Script.sql = Script.sql
		Script_Test.sql = Script_Test.sql
	EndProjectSection
EndProject
Project("{FAE04EC0-301F-11D3-BF4B-00C04F79EFBC}") = "MejoresPracticasDALTest", "MejoresPracticasDALTest\MejoresPracticasDALTest.csproj", "{A53CD28E-C7E3-4D8F-AD11-0DAA6E8E29C7}"
EndProject
Project("{FAE04EC0-301F-11D3-BF4B-00C04F79EFBC}") = "MejoresPracticasBLLTest", "MejoresPracticasBLLTest\MejoresPracticasBLLTest.csproj", "{822FB501-1617-49B1-A351-EBF776BD5D04}"
EndProject
Project("{2150E333-8FDC-42A3-9474-1A3956D46DE8}") = "DAL", "DAL", "{FEE77555-F56B-4E16-A269-5D01E91778B6}"
EndProject
Project("{2150E333-8FDC-42A3-9474-1A3956D46DE8}") = "BLL", "BLL", "{FB880712-2C03-43FB-947B-47F9E12C5193}"
EndProject
Project("{2150E333-8FDC-42A3-9474-1A3956D46DE8}") = "WEB", "WEB", "{125AB50F-E787-4FE7-94E8-F377640163B1}"
EndProject
Project("{2150E333-8FDC-42A3-9474-1A3956D46DE8}") = "Model", "Model", "{AD5E43B1-D0BD-4580-BA2E-00730D7D6EEF}"
EndProject
Project("{2150E333-8FDC-42A3-9474-1A3956D46DE8}") = "Util", "Util", "{26E89F0F-EFD8-46FC-8BC4-731FA2AFD2BD}"
EndProject
Project("{2150E333-8FDC-42A3-9474-1A3956D46DE8}") = "Main", "Main", "{9CCF8E65-938B-4434-8B2B-9E3E980BDAAB}"
EndProject
Project("{2150E333-8FDC-42A3-9474-1A3956D46DE8}") = "Test", "Test", "{C5F36B49-35E9-4F4F-A7BC-33665F5D69F3}"
EndProject
Project("{2150E333-8FDC-42A3-9474-1A3956D46DE8}") = "Main", "Main", "{1CD63201-08D5-461C-96AF-3050D941439C}"
EndProject
Project("{2150E333-8FDC-42A3-9474-1A3956D46DE8}") = "Test", "Test", "{E8F183CA-0804-41BC-850A-97EC7D1311A0}"
EndProject
Project("{2150E333-8FDC-42A3-9474-1A3956D46DE8}") = "Main", "Main", "{9D94340A-7AB0-4665-B48B-CB7B4BA5D292}"
EndProject
Project("{2150E333-8FDC-42A3-9474-1A3956D46DE8}") = "Test", "Test", "{5C9DE195-6A8F-4D52-AEFD-C9E0EBE6DE17}"
EndProject
Global
	GlobalSection(SubversionScc) = preSolution
		Svn-Managed = True
		Manager = AnkhSVN - Subversion Support for Visual Studio
	EndGlobalSection
	GlobalSection(TestCaseManagementSettings) = postSolution
		CategoryFile = MejoresPracticas.vsmdi
	EndGlobalSection
	GlobalSection(SolutionConfigurationPlatforms) = preSolution
		Debug|Any CPU = Debug|Any CPU
		Release|Any CPU = Release|Any CPU
	EndGlobalSection
	GlobalSection(ProjectConfigurationPlatforms) = postSolution
		{2431D5D2-594A-49A0-9671-5FA1BCE8368F}.Debug|Any CPU.ActiveCfg = Debug|Any CPU
		{2431D5D2-594A-49A0-9671-5FA1BCE8368F}.Debug|Any CPU.Build.0 = Debug|Any CPU
		{2431D5D2-594A-49A0-9671-5FA1BCE8368F}.Release|Any CPU.ActiveCfg = Release|Any CPU
		{2431D5D2-594A-49A0-9671-5FA1BCE8368F}.Release|Any CPU.Build.0 = Release|Any CPU
		{CD2DFF4D-DBB4-44BC-9B97-0BA0426DE93B}.Debug|Any CPU.ActiveCfg = Debug|Any CPU
		{CD2DFF4D-DBB4-44BC-9B97-0BA0426DE93B}.Debug|Any CPU.Build.0 = Debug|Any CPU
		{CD2DFF4D-DBB4-44BC-9B97-0BA0426DE93B}.Release|Any CPU.ActiveCfg = Release|Any CPU
		{CD2DFF4D-DBB4-44BC-9B97-0BA0426DE93B}.Release|Any CPU.Build.0 = Release|Any CPU
		{A9F8B39B-0D1C-4CBE-BD14-D6B33863636F}.Debug|Any CPU.ActiveCfg = Debug|Any CPU
		{A9F8B39B-0D1C-4CBE-BD14-D6B33863636F}.Debug|Any CPU.Build.0 = Debug|Any CPU
		{A9F8B39B-0D1C-4CBE-BD14-D6B33863636F}.Release|Any CPU.ActiveCfg = Release|Any CPU
		{A9F8B39B-0D1C-4CBE-BD14-D6B33863636F}.Release|Any CPU.Build.0 = Release|Any CPU
		{4F93987A-89C9-4F03-AA62-3FDB822ABC39}.Debug|Any CPU.ActiveCfg = Debug|Any CPU
		{4F93987A-89C9-4F03-AA62-3FDB822ABC39}.Debug|Any CPU.Build.0 = Debug|Any CPU
		{4F93987A-89C9-4F03-AA62-3FDB822ABC39}.Release|Any CPU.ActiveCfg = Release|Any CPU
		{4F93987A-89C9-4F03-AA62-3FDB822ABC39}.Release|Any CPU.Build.0 = Release|Any CPU
		{684A5CF1-49B3-48B4-824B-FD28D10BA7F5}.Debug|Any CPU.ActiveCfg = Debug|Any CPU
		{684A5CF1-49B3-48B4-824B-FD28D10BA7F5}.Debug|Any CPU.Build.0 = Debug|Any CPU
		{684A5CF1-49B3-48B4-824B-FD28D10BA7F5}.Release|Any CPU.ActiveCfg = Release|Any CPU
		{684A5CF1-49B3-48B4-824B-FD28D10BA7F5}.Release|Any CPU.Build.0 = Release|Any CPU
		{A53CD28E-C7E3-4D8F-AD11-0DAA6E8E29C7}.Debug|Any CPU.ActiveCfg = Debug|Any CPU
		{A53CD28E-C7E3-4D8F-AD11-0DAA6E8E29C7}.Debug|Any CPU.Build.0 = Debug|Any CPU
		{A53CD28E-C7E3-4D8F-AD11-0DAA6E8E29C7}.Release|Any CPU.ActiveCfg = Release|Any CPU
		{A53CD28E-C7E3-4D8F-AD11-0DAA6E8E29C7}.Release|Any CPU.Build.0 = Release|Any CPU
		{822FB501-1617-49B1-A351-EBF776BD5D04}.Debug|Any CPU.ActiveCfg = Debug|Any CPU
		{822FB501-1617-49B1-A351-EBF776BD5D04}.Debug|Any CPU.Build.0 = Debug|Any CPU
		{822FB501-1617-49B1-A351-EBF776BD5D04}.Release|Any CPU.ActiveCfg = Release|Any CPU
		{822FB501-1617-49B1-A351-EBF776BD5D04}.Release|Any CPU.Build.0 = Release|Any CPU
	EndGlobalSection
	GlobalSection(SolutionProperties) = preSolution
		HideSolutionNode = FALSE
	EndGlobalSection
	GlobalSection(NestedProjects) = preSolution
		{1CD63201-08D5-461C-96AF-3050D941439C} = {FEE77555-F56B-4E16-A269-5D01E91778B6}
		{E8F183CA-0804-41BC-850A-97EC7D1311A0} = {FEE77555-F56B-4E16-A269-5D01E91778B6}
		{9CCF8E65-938B-4434-8B2B-9E3E980BDAAB} = {FB880712-2C03-43FB-947B-47F9E12C5193}
		{C5F36B49-35E9-4F4F-A7BC-33665F5D69F3} = {FB880712-2C03-43FB-947B-47F9E12C5193}
		{2431D5D2-594A-49A0-9671-5FA1BCE8368F} = {125AB50F-E787-4FE7-94E8-F377640163B1}
		{4F93987A-89C9-4F03-AA62-3FDB822ABC39} = {AD5E43B1-D0BD-4580-BA2E-00730D7D6EEF}
		{9D94340A-7AB0-4665-B48B-CB7B4BA5D292} = {26E89F0F-EFD8-46FC-8BC4-731FA2AFD2BD}
		{5C9DE195-6A8F-4D52-AEFD-C9E0EBE6DE17} = {26E89F0F-EFD8-46FC-8BC4-731FA2AFD2BD}
		{A9F8B39B-0D1C-4CBE-BD14-D6B33863636F} = {9CCF8E65-938B-4434-8B2B-9E3E980BDAAB}
		{822FB501-1617-49B1-A351-EBF776BD5D04} = {C5F36B49-35E9-4F4F-A7BC-33665F5D69F3}
		{CD2DFF4D-DBB4-44BC-9B97-0BA0426DE93B} = {1CD63201-08D5-461C-96AF-3050D941439C}
		{A53CD28E-C7E3-4D8F-AD11-0DAA6E8E29C7} = {E8F183CA-0804-41BC-850A-97EC7D1311A0}
		{684A5CF1-49B3-48B4-824B-FD28D10BA7F5} = {9D94340A-7AB0-4665-B48B-CB7B4BA5D292}
	EndGlobalSection
EndGlobal
